
Microsoft Visual Studio Solution File, Format Version 12.00
# Visual Studio Version 17
VisualStudioVersion = 17.10.34707.107
MinimumVisualStudioVersion = 10.0.40219.1
Project("{9A19103F-16F7-4668-BE54-9A1E7A4F7556}") = "GrpcService", "GrpcService\GrpcService.csproj", "{A84EB4A1-9A18-4FEC-8DDA-389CD2FE54A3}"
EndProject
Project("{9A19103F-16F7-4668-BE54-9A1E7A4F7556}") = "GrpcClient", "GrpcClient\GrpcClient.csproj", "{15C0E89F-66A7-4425-BA09-37A3F566FEA5}"
EndProject
Global
	GlobalSection(SolutionConfigurationPlatforms) = preSolution
		Debug|Any CPU = Debug|Any CPU
		Release|Any CPU = Release|Any CPU
	EndGlobalSection
	GlobalSection(ProjectConfigurationPlatforms) = postSolution
		{A84EB4A1-9A18-4FEC-8DDA-389CD2FE54A3}.Debug|Any CPU.ActiveCfg = Debug|Any CPU
		{A84EB4A1-9A18-4FEC-8DDA-389CD2FE54A3}.Debug|Any CPU.Build.0 = Debug|Any CPU
		{A84EB4A1-9A18-4FEC-8DDA-389CD2FE54A3}.Release|Any CPU.ActiveCfg = Release|Any CPU
		{A84EB4A1-9A18-4FEC-8DDA-389CD2FE54A3}.Release|Any CPU.Build.0 = Release|Any CPU
		{15C0E89F-66A7-4425-BA09-37A3F566FEA5}.Debug|Any CPU.ActiveCfg = Debug|Any CPU
		{15C0E89F-66A7-4425-BA09-37A3F566FEA5}.Debug|Any CPU.Build.0 = Debug|Any CPU
		{15C0E89F-66A7-4425-BA09-37A3F566FEA5}.Release|Any CPU.ActiveCfg = Release|Any CPU
		{15C0E89F-66A7-4425-BA09-37A3F566FEA5}.Release|Any CPU.Build.0 = Release|Any CPU
	EndGlobalSection
	GlobalSection(SolutionProperties) = preSolution
		HideSolutionNode = FALSE
	EndGlobalSection
	GlobalSection(ExtensibilityGlobals) = postSolution
		SolutionGuid = {9E077731-2CAF-408A-BD3A-7A76C8D37F01}
	EndGlobalSection
EndGlobal
